
Microsoft Visual Studio Solution File, Format Version 12.00
# Visual Studio Version 17
VisualStudioVersion = 17.2.32526.322
MinimumVisualStudioVersion = 10.0.40219.1
Project("{8BC9CEB8-8B4A-11D0-8D11-00A0C91BC942}") = "hw3", "hw3.vcxproj", "{9C6A35EB-C4C4-47D5-BBD2-5E7B660B6049}"
EndProject
Global
	GlobalSection(SolutionConfigurationPlatforms) = preSolution
		Debug|x64 = Debug|x64
		Debug|x86 = Debug|x86
		Release|x64 = Release|x64
		Release|x86 = Release|x86
	EndGlobalSection
	GlobalSection(ProjectConfigurationPlatforms) = postSolution
		{9C6A35EB-C4C4-47D5-BBD2-5E7B660B6049}.Debug|x64.ActiveCfg = Debug|x64
		{9C6A35EB-C4C4-47D5-BBD2-5E7B660B6049}.Debug|x64.Build.0 = Debug|x64
		{9C6A35EB-C4C4-47D5-BBD2-5E7B660B6049}.Debug|x86.ActiveCfg = Debug|Win32
		{9C6A35EB-C4C4-47D5-BBD2-5E7B660B6049}.Debug|x86.Build.0 = Debug|Win32
		{9C6A35EB-C4C4-47D5-BBD2-5E7B660B6049}.Release|x64.ActiveCfg = Release|x64
		{9C6A35EB-C4C4-47D5-BBD2-5E7B660B6049}.Release|x64.Build.0 = Release|x64
		{9C6A35EB-C4C4-47D5-BBD2-5E7B660B6049}.Release|x86.ActiveCfg = Release|Win32
		{9C6A35EB-C4C4-47D5-BBD2-5E7B660B6049}.Release|x86.Build.0 = Release|Win32
	EndGlobalSection
	GlobalSection(SolutionProperties) = preSolution
		HideSolutionNode = FALSE
	EndGlobalSection
	GlobalSection(ExtensibilityGlobals) = postSolution
		SolutionGuid = {D96D3A7D-4200-4CDD-8181-5E3C12F6364B}
	EndGlobalSection
EndGlobal
