
Microsoft Visual Studio Solution File, Format Version 12.00
# Visual Studio Version 17
VisualStudioVersion = 17.2.32526.322
MinimumVisualStudioVersion = 10.0.40219.1
Project("{8BC9CEB8-8B4A-11D0-8D11-00A0C91BC942}") = "Prac06-2023-04-10", "Prac06-2023-04-10\Prac06-2023-04-10.vcxproj", "{0D6A9F02-A5F6-4759-931F-E6D3919E39D4}"
EndProject
Global
	GlobalSection(SolutionConfigurationPlatforms) = preSolution
		Debug|x64 = Debug|x64
		Debug|x86 = Debug|x86
		Release|x64 = Release|x64
		Release|x86 = Release|x86
	EndGlobalSection
	GlobalSection(ProjectConfigurationPlatforms) = postSolution
		{0D6A9F02-A5F6-4759-931F-E6D3919E39D4}.Debug|x64.ActiveCfg = Debug|x64
		{0D6A9F02-A5F6-4759-931F-E6D3919E39D4}.Debug|x64.Build.0 = Debug|x64
		{0D6A9F02-A5F6-4759-931F-E6D3919E39D4}.Debug|x86.ActiveCfg = Debug|Win32
		{0D6A9F02-A5F6-4759-931F-E6D3919E39D4}.Debug|x86.Build.0 = Debug|Win32
		{0D6A9F02-A5F6-4759-931F-E6D3919E39D4}.Release|x64.ActiveCfg = Release|x64
		{0D6A9F02-A5F6-4759-931F-E6D3919E39D4}.Release|x64.Build.0 = Release|x64
		{0D6A9F02-A5F6-4759-931F-E6D3919E39D4}.Release|x86.ActiveCfg = Release|Win32
		{0D6A9F02-A5F6-4759-931F-E6D3919E39D4}.Release|x86.Build.0 = Release|Win32
	EndGlobalSection
	GlobalSection(SolutionProperties) = preSolution
		HideSolutionNode = FALSE
	EndGlobalSection
	GlobalSection(ExtensibilityGlobals) = postSolution
		SolutionGuid = {7C97504F-75DA-480C-AA39-E23D1EF34F3E}
	EndGlobalSection
EndGlobal
